
Microsoft Visual Studio Solution File, Format Version 12.00
# Visual Studio Version 16
VisualStudioVersion = 16.0.30907.101
MinimumVisualStudioVersion = 10.0.40219.1
Project("{FAE04EC0-301F-11D3-BF4B-00C04F79EFBC}") = "BIAwC", "BIAwC\BIAwC.csproj", "{EEED0B8E-5616-494E-BC38-3979C454D024}"
EndProject
Global
	GlobalSection(SolutionConfigurationPlatforms) = preSolution
		Debug|Any CPU = Debug|Any CPU
		Release|Any CPU = Release|Any CPU
	EndGlobalSection
	GlobalSection(ProjectConfigurationPlatforms) = postSolution
		{EEED0B8E-5616-494E-BC38-3979C454D024}.Debug|Any CPU.ActiveCfg = Debug|Any CPU
		{EEED0B8E-5616-494E-BC38-3979C454D024}.Debug|Any CPU.Build.0 = Debug|Any CPU
		{EEED0B8E-5616-494E-BC38-3979C454D024}.Release|Any CPU.ActiveCfg = Release|Any CPU
		{EEED0B8E-5616-494E-BC38-3979C454D024}.Release|Any CPU.Build.0 = Release|Any CPU
	EndGlobalSection
	GlobalSection(SolutionProperties) = preSolution
		HideSolutionNode = FALSE
	EndGlobalSection
	GlobalSection(ExtensibilityGlobals) = postSolution
		SolutionGuid = {3C10177A-99D0-41F2-9A42-176001751338}
	EndGlobalSection
EndGlobal
